
Microsoft Visual Studio Solution File, Format Version 12.00
# Visual Studio Version 17
VisualStudioVersion = 17.14.36401.2 d17.14
MinimumVisualStudioVersion = 10.0.40219.1
Project("{FAE04EC0-301F-11D3-BF4B-00C04F79EFBC}") = "IdeaCenterExamPrep", "IdeaCenterExamPrep.csproj", "{5E8C65C4-E2D0-4604-BFA1-A60090EB9325}"
EndProject
Global
	GlobalSection(SolutionConfigurationPlatforms) = preSolution
		Debug|Any CPU = Debug|Any CPU
		Release|Any CPU = Release|Any CPU
	EndGlobalSection
	GlobalSection(ProjectConfigurationPlatforms) = postSolution
		{5E8C65C4-E2D0-4604-BFA1-A60090EB9325}.Debug|Any CPU.ActiveCfg = Debug|Any CPU
		{5E8C65C4-E2D0-4604-BFA1-A60090EB9325}.Debug|Any CPU.Build.0 = Debug|Any CPU
		{5E8C65C4-E2D0-4604-BFA1-A60090EB9325}.Release|Any CPU.ActiveCfg = Release|Any CPU
		{5E8C65C4-E2D0-4604-BFA1-A60090EB9325}.Release|Any CPU.Build.0 = Release|Any CPU
	EndGlobalSection
	GlobalSection(SolutionProperties) = preSolution
		HideSolutionNode = FALSE
	EndGlobalSection
	GlobalSection(ExtensibilityGlobals) = postSolution
		SolutionGuid = {7BAA0E8E-4315-4D48-840B-15FB00A60D60}
	EndGlobalSection
EndGlobal
